# This file was autogenerated by Stack.
# You should not edit this file by hand.
# For more information, please see the documentation at:
#   https://docs.haskellstack.org/en/stable/lock_files

packages:
- completed:
    hackage: yesod-auth-oauth2-0.6.1.5@sha256:bc65e697ae622b80024ca22a7b9270bf64a8c96be8f6ac1d09ed3a1d1cbbde6e,2950
    pantry-tree:
      size: 1844
      sha256: 314407a32db4ef4a0bed6991f2b3a4ac9d4636984c5449d9e64b30c6b7961a46
  original:
    hackage: yesod-auth-oauth2-0.6.1.5
- completed:
    hackage: hoauth2-1.14.0@sha256:fcb4284fc78950c91d5b548317c51bd99a5ced84f4bb9e6153624b5783e4215f,5628
    pantry-tree:
      size: 2046
      sha256: f25e2c2c101312196159dad5a3e2a4c8f549ed2d036d9566b66786d758db7dba
  original:
    hackage: hoauth2-1.14.0
snapshots:
- completed:
    size: 532177
    url: https://raw.githubusercontent.com/commercialhaskell/stackage-snapshots/master/lts/16/20.yaml
    sha256: 0e14ba5603f01e8496e8984fd84b545a012ca723f51a098c6c9d3694e404dc6d
  original: lts-16.20
